
Microsoft Visual Studio Solution File, Format Version 12.00
# Visual Studio Version 16
VisualStudioVersion = 16.0.30804.86
MinimumVisualStudioVersion = 10.0.40219.1
Project("{8BC9CEB8-8B4A-11D0-8D11-00A0C91BC942}") = "PNet", "PNet\PNet.vcxproj", "{B04F2040-1415-441C-8F4F-CAC08BAED236}"
EndProject
Project("{8BC9CEB8-8B4A-11D0-8D11-00A0C91BC942}") = "Server", "Server\Server.vcxproj", "{2FE459B5-03A6-4AB6-8AAB-4C690FBC2EB5}"
	ProjectSection(ProjectDependencies) = postProject
		{B04F2040-1415-441C-8F4F-CAC08BAED236} = {B04F2040-1415-441C-8F4F-CAC08BAED236}
	EndProjectSection
EndProject
Project("{8BC9CEB8-8B4A-11D0-8D11-00A0C91BC942}") = "Client", "Client\Client.vcxproj", "{EA36B18D-75C5-43A9-92F7-C977209AACC0}"
	ProjectSection(ProjectDependencies) = postProject
		{B04F2040-1415-441C-8F4F-CAC08BAED236} = {B04F2040-1415-441C-8F4F-CAC08BAED236}
	EndProjectSection
EndProject
Global
	GlobalSection(SolutionConfigurationPlatforms) = preSolution
		Debug|x64 = Debug|x64
		Debug|x86 = Debug|x86
		Release|x64 = Release|x64
		Release|x86 = Release|x86
	EndGlobalSection
	GlobalSection(ProjectConfigurationPlatforms) = postSolution
		{B04F2040-1415-441C-8F4F-CAC08BAED236}.Debug|x64.ActiveCfg = Debug|x64
		{B04F2040-1415-441C-8F4F-CAC08BAED236}.Debug|x64.Build.0 = Debug|x64
		{B04F2040-1415-441C-8F4F-CAC08BAED236}.Debug|x86.ActiveCfg = Debug|Win32
		{B04F2040-1415-441C-8F4F-CAC08BAED236}.Debug|x86.Build.0 = Debug|Win32
		{B04F2040-1415-441C-8F4F-CAC08BAED236}.Release|x64.ActiveCfg = Release|x64
		{B04F2040-1415-441C-8F4F-CAC08BAED236}.Release|x64.Build.0 = Release|x64
		{B04F2040-1415-441C-8F4F-CAC08BAED236}.Release|x86.ActiveCfg = Release|Win32
		{B04F2040-1415-441C-8F4F-CAC08BAED236}.Release|x86.Build.0 = Release|Win32
		{2FE459B5-03A6-4AB6-8AAB-4C690FBC2EB5}.Debug|x64.ActiveCfg = Debug|x64
		{2FE459B5-03A6-4AB6-8AAB-4C690FBC2EB5}.Debug|x64.Build.0 = Debug|x64
		{2FE459B5-03A6-4AB6-8AAB-4C690FBC2EB5}.Debug|x86.ActiveCfg = Debug|Win32
		{2FE459B5-03A6-4AB6-8AAB-4C690FBC2EB5}.Debug|x86.Build.0 = Debug|Win32
		{2FE459B5-03A6-4AB6-8AAB-4C690FBC2EB5}.Release|x64.ActiveCfg = Release|x64
		{2FE459B5-03A6-4AB6-8AAB-4C690FBC2EB5}.Release|x64.Build.0 = Release|x64
		{2FE459B5-03A6-4AB6-8AAB-4C690FBC2EB5}.Release|x86.ActiveCfg = Release|Win32
		{2FE459B5-03A6-4AB6-8AAB-4C690FBC2EB5}.Release|x86.Build.0 = Release|Win32
		{EA36B18D-75C5-43A9-92F7-C977209AACC0}.Debug|x64.ActiveCfg = Debug|x64
		{EA36B18D-75C5-43A9-92F7-C977209AACC0}.Debug|x64.Build.0 = Debug|x64
		{EA36B18D-75C5-43A9-92F7-C977209AACC0}.Debug|x86.ActiveCfg = Debug|Win32
		{EA36B18D-75C5-43A9-92F7-C977209AACC0}.Debug|x86.Build.0 = Debug|Win32
		{EA36B18D-75C5-43A9-92F7-C977209AACC0}.Release|x64.ActiveCfg = Release|x64
		{EA36B18D-75C5-43A9-92F7-C977209AACC0}.Release|x64.Build.0 = Release|x64
		{EA36B18D-75C5-43A9-92F7-C977209AACC0}.Release|x86.ActiveCfg = Release|Win32
		{EA36B18D-75C5-43A9-92F7-C977209AACC0}.Release|x86.Build.0 = Release|Win32
	EndGlobalSection
	GlobalSection(SolutionProperties) = preSolution
		HideSolutionNode = FALSE
	EndGlobalSection
	GlobalSection(ExtensibilityGlobals) = postSolution
		SolutionGuid = {63CFF02F-DDDD-4924-9114-43B99CEEAECF}
	EndGlobalSection
EndGlobal
